
Microsoft Visual Studio Solution File, Format Version 12.00
# Visual Studio Version 17
VisualStudioVersion = 17.6.33815.320
MinimumVisualStudioVersion = 10.0.40219.1
Project("{FAE04EC0-301F-11D3-BF4B-00C04F79EFBC}") = "тест", "тест.csproj", "{71D43EAA-C4BD-4426-BEC1-947F4B85B341}"
EndProject
Global
	GlobalSection(SolutionConfigurationPlatforms) = preSolution
		Debug|Any CPU = Debug|Any CPU
		Release|Any CPU = Release|Any CPU
	EndGlobalSection
	GlobalSection(ProjectConfigurationPlatforms) = postSolution
		{71D43EAA-C4BD-4426-BEC1-947F4B85B341}.Debug|Any CPU.ActiveCfg = Debug|Any CPU
		{71D43EAA-C4BD-4426-BEC1-947F4B85B341}.Debug|Any CPU.Build.0 = Debug|Any CPU
		{71D43EAA-C4BD-4426-BEC1-947F4B85B341}.Release|Any CPU.ActiveCfg = Release|Any CPU
		{71D43EAA-C4BD-4426-BEC1-947F4B85B341}.Release|Any CPU.Build.0 = Release|Any CPU
	EndGlobalSection
	GlobalSection(SolutionProperties) = preSolution
		HideSolutionNode = FALSE
	EndGlobalSection
	GlobalSection(ExtensibilityGlobals) = postSolution
		SolutionGuid = {12B46A5A-35CA-4C99-B9BE-209695015C61}
	EndGlobalSection
EndGlobal
